
Microsoft Visual Studio Solution File, Format Version 12.00
# Visual Studio Version 17
VisualStudioVersion = 17.4.33403.182
MinimumVisualStudioVersion = 10.0.40219.1
Project("{FAE04EC0-301F-11D3-BF4B-00C04F79EFBC}") = "メソッドによる最大値選択", "メソッドによる最大値選択\メソッドによる最大値選択.csproj", "{370D051B-71F7-485E-BDC7-813B9F7FE7E1}"
EndProject
Global
	GlobalSection(SolutionConfigurationPlatforms) = preSolution
		Debug|Any CPU = Debug|Any CPU
		Release|Any CPU = Release|Any CPU
	EndGlobalSection
	GlobalSection(ProjectConfigurationPlatforms) = postSolution
		{370D051B-71F7-485E-BDC7-813B9F7FE7E1}.Debug|Any CPU.ActiveCfg = Debug|Any CPU
		{370D051B-71F7-485E-BDC7-813B9F7FE7E1}.Debug|Any CPU.Build.0 = Debug|Any CPU
		{370D051B-71F7-485E-BDC7-813B9F7FE7E1}.Release|Any CPU.ActiveCfg = Release|Any CPU
		{370D051B-71F7-485E-BDC7-813B9F7FE7E1}.Release|Any CPU.Build.0 = Release|Any CPU
	EndGlobalSection
	GlobalSection(SolutionProperties) = preSolution
		HideSolutionNode = FALSE
	EndGlobalSection
	GlobalSection(ExtensibilityGlobals) = postSolution
		SolutionGuid = {80EDC937-8E0C-494F-9377-B6821DA685DD}
	EndGlobalSection
EndGlobal
