
Microsoft Visual Studio Solution File, Format Version 12.00
# Visual Studio Version 17
VisualStudioVersion = 17.4.33403.182
MinimumVisualStudioVersion = 10.0.40219.1
Project("{FAE04EC0-301F-11D3-BF4B-00C04F79EFBC}") = "プロジェクト名の更新", "プロジェクト名\プロジェクト名の更新.csproj", "{CEB45E67-D7DB-4711-BA32-B7B404BA145D}"
EndProject
Global
	GlobalSection(SolutionConfigurationPlatforms) = preSolution
		Debug|Any CPU = Debug|Any CPU
		Release|Any CPU = Release|Any CPU
	EndGlobalSection
	GlobalSection(ProjectConfigurationPlatforms) = postSolution
		{CEB45E67-D7DB-4711-BA32-B7B404BA145D}.Debug|Any CPU.ActiveCfg = Debug|Any CPU
		{CEB45E67-D7DB-4711-BA32-B7B404BA145D}.Debug|Any CPU.Build.0 = Debug|Any CPU
		{CEB45E67-D7DB-4711-BA32-B7B404BA145D}.Release|Any CPU.ActiveCfg = Release|Any CPU
		{CEB45E67-D7DB-4711-BA32-B7B404BA145D}.Release|Any CPU.Build.0 = Release|Any CPU
	EndGlobalSection
	GlobalSection(SolutionProperties) = preSolution
		HideSolutionNode = FALSE
	EndGlobalSection
	GlobalSection(ExtensibilityGlobals) = postSolution
		SolutionGuid = {1808FEA5-914B-4EAD-BB15-DB76D1871BDB}
	EndGlobalSection
EndGlobal
