
Microsoft Visual Studio Solution File, Format Version 12.00
# Visual Studio Version 17
VisualStudioVersion = 17.4.33403.182
MinimumVisualStudioVersion = 10.0.40219.1
Project("{9A19103F-16F7-4668-BE54-9A1E7A4F7556}") = "プロジェクト名の更新", "プロジェクト名の更新\プロジェクト名の更新.csproj", "{300F4012-040A-4625-B4A4-817AE1997728}"
EndProject
Global
	GlobalSection(SolutionConfigurationPlatforms) = preSolution
		Debug|Any CPU = Debug|Any CPU
		Release|Any CPU = Release|Any CPU
	EndGlobalSection
	GlobalSection(ProjectConfigurationPlatforms) = postSolution
		{300F4012-040A-4625-B4A4-817AE1997728}.Debug|Any CPU.ActiveCfg = Debug|Any CPU
		{300F4012-040A-4625-B4A4-817AE1997728}.Debug|Any CPU.Build.0 = Debug|Any CPU
		{300F4012-040A-4625-B4A4-817AE1997728}.Release|Any CPU.ActiveCfg = Release|Any CPU
		{300F4012-040A-4625-B4A4-817AE1997728}.Release|Any CPU.Build.0 = Release|Any CPU
	EndGlobalSection
	GlobalSection(SolutionProperties) = preSolution
		HideSolutionNode = FALSE
	EndGlobalSection
	GlobalSection(ExtensibilityGlobals) = postSolution
		SolutionGuid = {1808FEA5-914B-4EAD-BB15-DB76D1871BDB}
	EndGlobalSection
EndGlobal
