
Microsoft Visual Studio Solution File, Format Version 12.00
# Visual Studio Version 17
VisualStudioVersion = 17.4.33403.182
MinimumVisualStudioVersion = 10.0.40219.1
Project("{FAE04EC0-301F-11D3-BF4B-00C04F79EFBC}") = "偶数合計計算_ArrayList", "偶数合計計算_ArrayList\偶数合計計算_ArrayList.csproj", "{DFE4EC18-672C-4232-A588-EE750451BEA2}"
EndProject
Global
	GlobalSection(SolutionConfigurationPlatforms) = preSolution
		Debug|Any CPU = Debug|Any CPU
		Release|Any CPU = Release|Any CPU
	EndGlobalSection
	GlobalSection(ProjectConfigurationPlatforms) = postSolution
		{DFE4EC18-672C-4232-A588-EE750451BEA2}.Debug|Any CPU.ActiveCfg = Debug|Any CPU
		{DFE4EC18-672C-4232-A588-EE750451BEA2}.Debug|Any CPU.Build.0 = Debug|Any CPU
		{DFE4EC18-672C-4232-A588-EE750451BEA2}.Release|Any CPU.ActiveCfg = Release|Any CPU
		{DFE4EC18-672C-4232-A588-EE750451BEA2}.Release|Any CPU.Build.0 = Release|Any CPU
	EndGlobalSection
	GlobalSection(SolutionProperties) = preSolution
		HideSolutionNode = FALSE
	EndGlobalSection
	GlobalSection(ExtensibilityGlobals) = postSolution
		SolutionGuid = {E5F23EEA-EA09-441A-834B-93F90AD99A56}
	EndGlobalSection
EndGlobal
