
Microsoft Visual Studio Solution File, Format Version 12.00
# Visual Studio Version 17
VisualStudioVersion = 17.4.33403.182
MinimumVisualStudioVersion = 10.0.40219.1
Project("{FAE04EC0-301F-11D3-BF4B-00C04F79EFBC}") = "メソッドによる文字連結", "メソッドによる文字連結\メソッドによる文字連結.csproj", "{052B8827-378F-4934-BDB8-22B40D1100BB}"
EndProject
Global
	GlobalSection(SolutionConfigurationPlatforms) = preSolution
		Debug|Any CPU = Debug|Any CPU
		Release|Any CPU = Release|Any CPU
	EndGlobalSection
	GlobalSection(ProjectConfigurationPlatforms) = postSolution
		{052B8827-378F-4934-BDB8-22B40D1100BB}.Debug|Any CPU.ActiveCfg = Debug|Any CPU
		{052B8827-378F-4934-BDB8-22B40D1100BB}.Debug|Any CPU.Build.0 = Debug|Any CPU
		{052B8827-378F-4934-BDB8-22B40D1100BB}.Release|Any CPU.ActiveCfg = Release|Any CPU
		{052B8827-378F-4934-BDB8-22B40D1100BB}.Release|Any CPU.Build.0 = Release|Any CPU
	EndGlobalSection
	GlobalSection(SolutionProperties) = preSolution
		HideSolutionNode = FALSE
	EndGlobalSection
	GlobalSection(ExtensibilityGlobals) = postSolution
		SolutionGuid = {BA6E43E4-650F-4F79-9CB6-A4ADD183F295}
	EndGlobalSection
EndGlobal
