
Microsoft Visual Studio Solution File, Format Version 12.00
# Visual Studio Version 17
VisualStudioVersion = 17.4.33403.182
MinimumVisualStudioVersion = 10.0.40219.1
Project("{FAE04EC0-301F-11D3-BF4B-00C04F79EFBC}") = "メソッドによる合計の計算", "メソッドによる合計の計算\メソッドによる合計の計算.csproj", "{54CFFDDB-6182-48C5-B706-A3F2433391DC}"
EndProject
Global
	GlobalSection(SolutionConfigurationPlatforms) = preSolution
		Debug|Any CPU = Debug|Any CPU
		Release|Any CPU = Release|Any CPU
	EndGlobalSection
	GlobalSection(ProjectConfigurationPlatforms) = postSolution
		{54CFFDDB-6182-48C5-B706-A3F2433391DC}.Debug|Any CPU.ActiveCfg = Debug|Any CPU
		{54CFFDDB-6182-48C5-B706-A3F2433391DC}.Debug|Any CPU.Build.0 = Debug|Any CPU
		{54CFFDDB-6182-48C5-B706-A3F2433391DC}.Release|Any CPU.ActiveCfg = Release|Any CPU
		{54CFFDDB-6182-48C5-B706-A3F2433391DC}.Release|Any CPU.Build.0 = Release|Any CPU
	EndGlobalSection
	GlobalSection(SolutionProperties) = preSolution
		HideSolutionNode = FALSE
	EndGlobalSection
	GlobalSection(ExtensibilityGlobals) = postSolution
		SolutionGuid = {B7F174F0-BC3F-41B3-9A4C-7D4EE7EBD9D7}
	EndGlobalSection
EndGlobal
