
Microsoft Visual Studio Solution File, Format Version 12.00
# Visual Studio Version 17
VisualStudioVersion = 17.4.33403.182
MinimumVisualStudioVersion = 10.0.40219.1
Project("{FAE04EC0-301F-11D3-BF4B-00C04F79EFBC}") = "ルーレット", "ルーレット\ルーレット.csproj", "{0F603808-7C6B-41EB-8732-FB3DDA655E7F}"
EndProject
Global
	GlobalSection(SolutionConfigurationPlatforms) = preSolution
		Debug|Any CPU = Debug|Any CPU
		Release|Any CPU = Release|Any CPU
	EndGlobalSection
	GlobalSection(ProjectConfigurationPlatforms) = postSolution
		{0F603808-7C6B-41EB-8732-FB3DDA655E7F}.Debug|Any CPU.ActiveCfg = Debug|Any CPU
		{0F603808-7C6B-41EB-8732-FB3DDA655E7F}.Debug|Any CPU.Build.0 = Debug|Any CPU
		{0F603808-7C6B-41EB-8732-FB3DDA655E7F}.Release|Any CPU.ActiveCfg = Release|Any CPU
		{0F603808-7C6B-41EB-8732-FB3DDA655E7F}.Release|Any CPU.Build.0 = Release|Any CPU
	EndGlobalSection
	GlobalSection(SolutionProperties) = preSolution
		HideSolutionNode = FALSE
	EndGlobalSection
	GlobalSection(ExtensibilityGlobals) = postSolution
		SolutionGuid = {3967626D-A6CF-46BC-8647-D096C4D1159B}
	EndGlobalSection
EndGlobal
