
Microsoft Visual Studio Solution File, Format Version 12.00
# Visual Studio Version 17
VisualStudioVersion = 17.4.33403.182
MinimumVisualStudioVersion = 10.0.40219.1
Project("{FAE04EC0-301F-11D3-BF4B-00C04F79EFBC}") = "簡易家計簿", "簡易家計簿\簡易家計簿.csproj", "{0818F228-DEA8-4DB5-AD57-20A2A2662DD9}"
EndProject
Global
	GlobalSection(SolutionConfigurationPlatforms) = preSolution
		Debug|Any CPU = Debug|Any CPU
		Release|Any CPU = Release|Any CPU
	EndGlobalSection
	GlobalSection(ProjectConfigurationPlatforms) = postSolution
		{0818F228-DEA8-4DB5-AD57-20A2A2662DD9}.Debug|Any CPU.ActiveCfg = Debug|Any CPU
		{0818F228-DEA8-4DB5-AD57-20A2A2662DD9}.Debug|Any CPU.Build.0 = Debug|Any CPU
		{0818F228-DEA8-4DB5-AD57-20A2A2662DD9}.Release|Any CPU.ActiveCfg = Release|Any CPU
		{0818F228-DEA8-4DB5-AD57-20A2A2662DD9}.Release|Any CPU.Build.0 = Release|Any CPU
	EndGlobalSection
	GlobalSection(SolutionProperties) = preSolution
		HideSolutionNode = FALSE
	EndGlobalSection
	GlobalSection(ExtensibilityGlobals) = postSolution
		SolutionGuid = {456857AB-4FF5-4F4A-A8D4-D38FAB3AAED3}
	EndGlobalSection
EndGlobal
