
Microsoft Visual Studio Solution File, Format Version 12.00
# Visual Studio Version 17
VisualStudioVersion = 17.4.33403.182
MinimumVisualStudioVersion = 10.0.40219.1
Project("{FAE04EC0-301F-11D3-BF4B-00C04F79EFBC}") = "合計表示・削除_ListView", "合計表示・削除_ListView\合計表示・削除_ListView.csproj", "{F06E9A90-DF09-4222-85C2-84332DA38E4F}"
EndProject
Global
	GlobalSection(SolutionConfigurationPlatforms) = preSolution
		Debug|Any CPU = Debug|Any CPU
		Release|Any CPU = Release|Any CPU
	EndGlobalSection
	GlobalSection(ProjectConfigurationPlatforms) = postSolution
		{F06E9A90-DF09-4222-85C2-84332DA38E4F}.Debug|Any CPU.ActiveCfg = Debug|Any CPU
		{F06E9A90-DF09-4222-85C2-84332DA38E4F}.Debug|Any CPU.Build.0 = Debug|Any CPU
		{F06E9A90-DF09-4222-85C2-84332DA38E4F}.Release|Any CPU.ActiveCfg = Release|Any CPU
		{F06E9A90-DF09-4222-85C2-84332DA38E4F}.Release|Any CPU.Build.0 = Release|Any CPU
	EndGlobalSection
	GlobalSection(SolutionProperties) = preSolution
		HideSolutionNode = FALSE
	EndGlobalSection
	GlobalSection(ExtensibilityGlobals) = postSolution
		SolutionGuid = {3F2D05CC-5442-4D4B-96B6-E0D7EA2AEE40}
	EndGlobalSection
EndGlobal
