
Microsoft Visual Studio Solution File, Format Version 12.00
# Visual Studio Version 17
VisualStudioVersion = 17.4.33403.182
MinimumVisualStudioVersion = 10.0.40219.1
Project("{FAE04EC0-301F-11D3-BF4B-00C04F79EFBC}") = "テキストボックスの表示非表示", "テキストボックスの表示非表示\テキストボックスの表示非表示.csproj", "{D9316F44-F923-43B7-AB40-25BD43BE4632}"
EndProject
Global
	GlobalSection(SolutionConfigurationPlatforms) = preSolution
		Debug|Any CPU = Debug|Any CPU
		Release|Any CPU = Release|Any CPU
	EndGlobalSection
	GlobalSection(ProjectConfigurationPlatforms) = postSolution
		{D9316F44-F923-43B7-AB40-25BD43BE4632}.Debug|Any CPU.ActiveCfg = Debug|Any CPU
		{D9316F44-F923-43B7-AB40-25BD43BE4632}.Debug|Any CPU.Build.0 = Debug|Any CPU
		{D9316F44-F923-43B7-AB40-25BD43BE4632}.Release|Any CPU.ActiveCfg = Release|Any CPU
		{D9316F44-F923-43B7-AB40-25BD43BE4632}.Release|Any CPU.Build.0 = Release|Any CPU
	EndGlobalSection
	GlobalSection(SolutionProperties) = preSolution
		HideSolutionNode = FALSE
	EndGlobalSection
	GlobalSection(ExtensibilityGlobals) = postSolution
		SolutionGuid = {FF3B38A2-845D-4229-AB4E-D26DBAF56067}
	EndGlobalSection
EndGlobal
