
Microsoft Visual Studio Solution File, Format Version 12.00
# Visual Studio Version 17
VisualStudioVersion = 17.4.33403.182
MinimumVisualStudioVersion = 10.0.40219.1
Project("{FAE04EC0-301F-11D3-BF4B-00C04F79EFBC}") = "データ操作_List", "データ操作_List\データ操作_List.csproj", "{7DD36BB3-C9F5-4C3A-9B2C-C3920CCA32E2}"
EndProject
Global
	GlobalSection(SolutionConfigurationPlatforms) = preSolution
		Debug|Any CPU = Debug|Any CPU
		Release|Any CPU = Release|Any CPU
	EndGlobalSection
	GlobalSection(ProjectConfigurationPlatforms) = postSolution
		{7DD36BB3-C9F5-4C3A-9B2C-C3920CCA32E2}.Debug|Any CPU.ActiveCfg = Debug|Any CPU
		{7DD36BB3-C9F5-4C3A-9B2C-C3920CCA32E2}.Debug|Any CPU.Build.0 = Debug|Any CPU
		{7DD36BB3-C9F5-4C3A-9B2C-C3920CCA32E2}.Release|Any CPU.ActiveCfg = Release|Any CPU
		{7DD36BB3-C9F5-4C3A-9B2C-C3920CCA32E2}.Release|Any CPU.Build.0 = Release|Any CPU
	EndGlobalSection
	GlobalSection(SolutionProperties) = preSolution
		HideSolutionNode = FALSE
	EndGlobalSection
	GlobalSection(ExtensibilityGlobals) = postSolution
		SolutionGuid = {2665D396-A32B-49C9-87DC-BD0E93E885F6}
	EndGlobalSection
EndGlobal
