
Microsoft Visual Studio Solution File, Format Version 12.00
# Visual Studio Version 17
VisualStudioVersion = 17.4.33403.182
MinimumVisualStudioVersion = 10.0.40219.1
Project("{FAE04EC0-301F-11D3-BF4B-00C04F79EFBC}") = "成績表示", "成績表示\成績表示.csproj", "{14BDD88E-5D0D-47FA-BA42-F17CE4227EFB}"
EndProject
Global
	GlobalSection(SolutionConfigurationPlatforms) = preSolution
		Debug|Any CPU = Debug|Any CPU
		Release|Any CPU = Release|Any CPU
	EndGlobalSection
	GlobalSection(ProjectConfigurationPlatforms) = postSolution
		{14BDD88E-5D0D-47FA-BA42-F17CE4227EFB}.Debug|Any CPU.ActiveCfg = Debug|Any CPU
		{14BDD88E-5D0D-47FA-BA42-F17CE4227EFB}.Debug|Any CPU.Build.0 = Debug|Any CPU
		{14BDD88E-5D0D-47FA-BA42-F17CE4227EFB}.Release|Any CPU.ActiveCfg = Release|Any CPU
		{14BDD88E-5D0D-47FA-BA42-F17CE4227EFB}.Release|Any CPU.Build.0 = Release|Any CPU
	EndGlobalSection
	GlobalSection(SolutionProperties) = preSolution
		HideSolutionNode = FALSE
	EndGlobalSection
	GlobalSection(ExtensibilityGlobals) = postSolution
		SolutionGuid = {3F958546-8CC6-4BB2-BB57-757DEB66D2B8}
	EndGlobalSection
EndGlobal
