
Microsoft Visual Studio Solution File, Format Version 12.00
# Visual Studio Version 17
VisualStudioVersion = 17.4.33403.182
MinimumVisualStudioVersion = 10.0.40219.1
Project("{FAE04EC0-301F-11D3-BF4B-00C04F79EFBC}") = "配列を引数として渡し偶数の合計を 戻り値 として返す", "配列を引数として渡し偶数の合計を 戻り値 として返す\配列を引数として渡し偶数の合計を 戻り値 として返す.csproj", "{39C7C697-8FE1-4C72-8FF4-5979829BA63C}"
EndProject
Global
	GlobalSection(SolutionConfigurationPlatforms) = preSolution
		Debug|Any CPU = Debug|Any CPU
		Release|Any CPU = Release|Any CPU
	EndGlobalSection
	GlobalSection(ProjectConfigurationPlatforms) = postSolution
		{39C7C697-8FE1-4C72-8FF4-5979829BA63C}.Debug|Any CPU.ActiveCfg = Debug|Any CPU
		{39C7C697-8FE1-4C72-8FF4-5979829BA63C}.Debug|Any CPU.Build.0 = Debug|Any CPU
		{39C7C697-8FE1-4C72-8FF4-5979829BA63C}.Release|Any CPU.ActiveCfg = Release|Any CPU
		{39C7C697-8FE1-4C72-8FF4-5979829BA63C}.Release|Any CPU.Build.0 = Release|Any CPU
	EndGlobalSection
	GlobalSection(SolutionProperties) = preSolution
		HideSolutionNode = FALSE
	EndGlobalSection
	GlobalSection(ExtensibilityGlobals) = postSolution
		SolutionGuid = {BFB4DDF6-7537-48A0-86C5-882000E75589}
	EndGlobalSection
EndGlobal
