
Microsoft Visual Studio Solution File, Format Version 12.00
# Visual Studio Version 17
VisualStudioVersion = 17.4.33403.182
MinimumVisualStudioVersion = 10.0.40219.1
Project("{FAE04EC0-301F-11D3-BF4B-00C04F79EFBC}") = "じゃんけんゲーム", "じゃんけんゲーム\じゃんけんゲーム.csproj", "{BE6CDCFF-A7CF-4BC8-AA6D-7692787BA153}"
EndProject
Global
	GlobalSection(SolutionConfigurationPlatforms) = preSolution
		Debug|Any CPU = Debug|Any CPU
		Release|Any CPU = Release|Any CPU
	EndGlobalSection
	GlobalSection(ProjectConfigurationPlatforms) = postSolution
		{BE6CDCFF-A7CF-4BC8-AA6D-7692787BA153}.Debug|Any CPU.ActiveCfg = Debug|Any CPU
		{BE6CDCFF-A7CF-4BC8-AA6D-7692787BA153}.Debug|Any CPU.Build.0 = Debug|Any CPU
		{BE6CDCFF-A7CF-4BC8-AA6D-7692787BA153}.Release|Any CPU.ActiveCfg = Release|Any CPU
		{BE6CDCFF-A7CF-4BC8-AA6D-7692787BA153}.Release|Any CPU.Build.0 = Release|Any CPU
	EndGlobalSection
	GlobalSection(SolutionProperties) = preSolution
		HideSolutionNode = FALSE
	EndGlobalSection
	GlobalSection(ExtensibilityGlobals) = postSolution
		SolutionGuid = {DEC49B18-BFFE-4643-A322-CC43B831A566}
	EndGlobalSection
EndGlobal
