
Microsoft Visual Studio Solution File, Format Version 12.00
# Visual Studio Version 17
VisualStudioVersion = 17.4.33403.182
MinimumVisualStudioVersion = 10.0.40219.1
Project("{FAE04EC0-301F-11D3-BF4B-00C04F79EFBC}") = "sort_list", "sort_list\sort_list.csproj", "{F80CBB6C-66A6-47A7-BE3C-89183170AF3D}"
EndProject
Global
	GlobalSection(SolutionConfigurationPlatforms) = preSolution
		Debug|Any CPU = Debug|Any CPU
		Release|Any CPU = Release|Any CPU
	EndGlobalSection
	GlobalSection(ProjectConfigurationPlatforms) = postSolution
		{F80CBB6C-66A6-47A7-BE3C-89183170AF3D}.Debug|Any CPU.ActiveCfg = Debug|Any CPU
		{F80CBB6C-66A6-47A7-BE3C-89183170AF3D}.Debug|Any CPU.Build.0 = Debug|Any CPU
		{F80CBB6C-66A6-47A7-BE3C-89183170AF3D}.Release|Any CPU.ActiveCfg = Release|Any CPU
		{F80CBB6C-66A6-47A7-BE3C-89183170AF3D}.Release|Any CPU.Build.0 = Release|Any CPU
	EndGlobalSection
	GlobalSection(SolutionProperties) = preSolution
		HideSolutionNode = FALSE
	EndGlobalSection
	GlobalSection(ExtensibilityGlobals) = postSolution
		SolutionGuid = {F468BF4F-EA4D-4624-B8EF-C90929094AAD}
	EndGlobalSection
EndGlobal
