
Microsoft Visual Studio Solution File, Format Version 12.00
# Visual Studio Version 17
VisualStudioVersion = 17.4.33403.182
MinimumVisualStudioVersion = 10.0.40219.1
Project("{FAE04EC0-301F-11D3-BF4B-00C04F79EFBC}") = "データ削除_List", "データ削除_List\データ削除_List.csproj", "{52701759-AD0B-4532-B1D7-40B1928755D9}"
EndProject
Global
	GlobalSection(SolutionConfigurationPlatforms) = preSolution
		Debug|Any CPU = Debug|Any CPU
		Release|Any CPU = Release|Any CPU
	EndGlobalSection
	GlobalSection(ProjectConfigurationPlatforms) = postSolution
		{52701759-AD0B-4532-B1D7-40B1928755D9}.Debug|Any CPU.ActiveCfg = Debug|Any CPU
		{52701759-AD0B-4532-B1D7-40B1928755D9}.Debug|Any CPU.Build.0 = Debug|Any CPU
		{52701759-AD0B-4532-B1D7-40B1928755D9}.Release|Any CPU.ActiveCfg = Release|Any CPU
		{52701759-AD0B-4532-B1D7-40B1928755D9}.Release|Any CPU.Build.0 = Release|Any CPU
	EndGlobalSection
	GlobalSection(SolutionProperties) = preSolution
		HideSolutionNode = FALSE
	EndGlobalSection
	GlobalSection(ExtensibilityGlobals) = postSolution
		SolutionGuid = {33A2952F-2350-4424-8B5A-A19F69EC3470}
	EndGlobalSection
EndGlobal
