
Microsoft Visual Studio Solution File, Format Version 12.00
# Visual Studio Version 17
VisualStudioVersion = 17.4.33403.182
MinimumVisualStudioVersion = 10.0.40219.1
Project("{FAE04EC0-301F-11D3-BF4B-00C04F79EFBC}") = "WinFormsPracticeApp1", "WinFormsPracticeApp1\WinFormsPracticeApp1.csproj", "{1808FF18-5F8E-4243-B3EB-82504FACBC60}"
EndProject
Global
	GlobalSection(SolutionConfigurationPlatforms) = preSolution
		Debug|Any CPU = Debug|Any CPU
		Release|Any CPU = Release|Any CPU
	EndGlobalSection
	GlobalSection(ProjectConfigurationPlatforms) = postSolution
		{1808FF18-5F8E-4243-B3EB-82504FACBC60}.Debug|Any CPU.ActiveCfg = Debug|Any CPU
		{1808FF18-5F8E-4243-B3EB-82504FACBC60}.Debug|Any CPU.Build.0 = Debug|Any CPU
		{1808FF18-5F8E-4243-B3EB-82504FACBC60}.Release|Any CPU.ActiveCfg = Release|Any CPU
		{1808FF18-5F8E-4243-B3EB-82504FACBC60}.Release|Any CPU.Build.0 = Release|Any CPU
	EndGlobalSection
	GlobalSection(SolutionProperties) = preSolution
		HideSolutionNode = FALSE
	EndGlobalSection
	GlobalSection(ExtensibilityGlobals) = postSolution
		SolutionGuid = {EAF4643F-3669-4643-A9BB-5E39447BDCCE}
	EndGlobalSection
EndGlobal
