
Microsoft Visual Studio Solution File, Format Version 12.00
# Visual Studio Version 17
VisualStudioVersion = 17.4.33403.182
MinimumVisualStudioVersion = 10.0.40219.1
Project("{FAE04EC0-301F-11D3-BF4B-00C04F79EFBC}") = "データ追加・削除_List", "データ追加・削除_List\データ追加・削除_List.csproj", "{E1D81657-225A-4CF1-AC29-A0E2FEAC51C8}"
EndProject
Global
	GlobalSection(SolutionConfigurationPlatforms) = preSolution
		Debug|Any CPU = Debug|Any CPU
		Release|Any CPU = Release|Any CPU
	EndGlobalSection
	GlobalSection(ProjectConfigurationPlatforms) = postSolution
		{E1D81657-225A-4CF1-AC29-A0E2FEAC51C8}.Debug|Any CPU.ActiveCfg = Debug|Any CPU
		{E1D81657-225A-4CF1-AC29-A0E2FEAC51C8}.Debug|Any CPU.Build.0 = Debug|Any CPU
		{E1D81657-225A-4CF1-AC29-A0E2FEAC51C8}.Release|Any CPU.ActiveCfg = Release|Any CPU
		{E1D81657-225A-4CF1-AC29-A0E2FEAC51C8}.Release|Any CPU.Build.0 = Release|Any CPU
	EndGlobalSection
	GlobalSection(SolutionProperties) = preSolution
		HideSolutionNode = FALSE
	EndGlobalSection
	GlobalSection(ExtensibilityGlobals) = postSolution
		SolutionGuid = {1268F6FA-C100-47E3-95C5-52D9DB89A3D7}
	EndGlobalSection
EndGlobal
