
Microsoft Visual Studio Solution File, Format Version 12.00
# Visual Studio Version 17
VisualStudioVersion = 17.4.33403.182
MinimumVisualStudioVersion = 10.0.40219.1
Project("{FAE04EC0-301F-11D3-BF4B-00C04F79EFBC}") = "データ追加・削除・連結_ArrayList", "データ追加・削除・連結_ArrayList\データ追加・削除・連結_ArrayList.csproj", "{1DC4B033-B993-46C5-B577-5DE37B9A0263}"
EndProject
Global
	GlobalSection(SolutionConfigurationPlatforms) = preSolution
		Debug|Any CPU = Debug|Any CPU
		Release|Any CPU = Release|Any CPU
	EndGlobalSection
	GlobalSection(ProjectConfigurationPlatforms) = postSolution
		{1DC4B033-B993-46C5-B577-5DE37B9A0263}.Debug|Any CPU.ActiveCfg = Debug|Any CPU
		{1DC4B033-B993-46C5-B577-5DE37B9A0263}.Debug|Any CPU.Build.0 = Debug|Any CPU
		{1DC4B033-B993-46C5-B577-5DE37B9A0263}.Release|Any CPU.ActiveCfg = Release|Any CPU
		{1DC4B033-B993-46C5-B577-5DE37B9A0263}.Release|Any CPU.Build.0 = Release|Any CPU
	EndGlobalSection
	GlobalSection(SolutionProperties) = preSolution
		HideSolutionNode = FALSE
	EndGlobalSection
	GlobalSection(ExtensibilityGlobals) = postSolution
		SolutionGuid = {A62169ED-F61B-4A1F-8AF7-D4194143F964}
	EndGlobalSection
EndGlobal
