
Microsoft Visual Studio Solution File, Format Version 12.00
# Visual Studio Version 17
VisualStudioVersion = 17.4.33403.182
MinimumVisualStudioVersion = 10.0.40219.1
Project("{FAE04EC0-301F-11D3-BF4B-00C04F79EFBC}") = "問題作成ツール", "問題作成ツール\問題作成ツール.csproj", "{135772FD-34A1-4D87-857E-8B21EE3F2BB2}"
EndProject
Global
	GlobalSection(SolutionConfigurationPlatforms) = preSolution
		Debug|Any CPU = Debug|Any CPU
		Release|Any CPU = Release|Any CPU
	EndGlobalSection
	GlobalSection(ProjectConfigurationPlatforms) = postSolution
		{135772FD-34A1-4D87-857E-8B21EE3F2BB2}.Debug|Any CPU.ActiveCfg = Debug|Any CPU
		{135772FD-34A1-4D87-857E-8B21EE3F2BB2}.Debug|Any CPU.Build.0 = Debug|Any CPU
		{135772FD-34A1-4D87-857E-8B21EE3F2BB2}.Release|Any CPU.ActiveCfg = Release|Any CPU
		{135772FD-34A1-4D87-857E-8B21EE3F2BB2}.Release|Any CPU.Build.0 = Release|Any CPU
	EndGlobalSection
	GlobalSection(SolutionProperties) = preSolution
		HideSolutionNode = FALSE
	EndGlobalSection
	GlobalSection(ExtensibilityGlobals) = postSolution
		SolutionGuid = {51B85DD3-9F3A-48B6-99A8-418BD4214BAC}
	EndGlobalSection
EndGlobal
